
Microsoft Visual Studio Solution File, Format Version 12.00
# Visual Studio Version 16
VisualStudioVersion = 16.0.31129.286
MinimumVisualStudioVersion = 10.0.40219.1
Project("{FAE04EC0-301F-11D3-BF4B-00C04F79EFBC}") = "Number Guessing Game", "Number Guessing Game\Number Guessing Game.csproj", "{46FC7C07-0802-4E81-BEC7-34A146F1B973}"
EndProject
Global
	GlobalSection(SolutionConfigurationPlatforms) = preSolution
		Debug|Any CPU = Debug|Any CPU
		Release|Any CPU = Release|Any CPU
	EndGlobalSection
	GlobalSection(ProjectConfigurationPlatforms) = postSolution
		{46FC7C07-0802-4E81-BEC7-34A146F1B973}.Debug|Any CPU.ActiveCfg = Debug|Any CPU
		{46FC7C07-0802-4E81-BEC7-34A146F1B973}.Debug|Any CPU.Build.0 = Debug|Any CPU
		{46FC7C07-0802-4E81-BEC7-34A146F1B973}.Release|Any CPU.ActiveCfg = Release|Any CPU
		{46FC7C07-0802-4E81-BEC7-34A146F1B973}.Release|Any CPU.Build.0 = Release|Any CPU
	EndGlobalSection
	GlobalSection(SolutionProperties) = preSolution
		HideSolutionNode = FALSE
	EndGlobalSection
	GlobalSection(ExtensibilityGlobals) = postSolution
		SolutionGuid = {91A7BBBB-C3A1-4B24-B50C-B73C188CB8AC}
	EndGlobalSection
EndGlobal
